
Microsoft Visual Studio Solution File, Format Version 12.00
# Visual Studio Version 16
VisualStudioVersion = 16.0.30711.63
MinimumVisualStudioVersion = 10.0.40219.1
Project("{FAE04EC0-301F-11D3-BF4B-00C04F79EFBC}") = "PonavljanjeZad1", "PonavljanjeZad1\PonavljanjeZad1.csproj", "{6EB653F2-2E61-44BD-95FD-9D6F8B189082}"
EndProject
Global
	GlobalSection(SolutionConfigurationPlatforms) = preSolution
		Debug|Any CPU = Debug|Any CPU
		Release|Any CPU = Release|Any CPU
	EndGlobalSection
	GlobalSection(ProjectConfigurationPlatforms) = postSolution
		{6EB653F2-2E61-44BD-95FD-9D6F8B189082}.Debug|Any CPU.ActiveCfg = Debug|Any CPU
		{6EB653F2-2E61-44BD-95FD-9D6F8B189082}.Debug|Any CPU.Build.0 = Debug|Any CPU
		{6EB653F2-2E61-44BD-95FD-9D6F8B189082}.Release|Any CPU.ActiveCfg = Release|Any CPU
		{6EB653F2-2E61-44BD-95FD-9D6F8B189082}.Release|Any CPU.Build.0 = Release|Any CPU
	EndGlobalSection
	GlobalSection(SolutionProperties) = preSolution
		HideSolutionNode = FALSE
	EndGlobalSection
	GlobalSection(ExtensibilityGlobals) = postSolution
		SolutionGuid = {8122226E-17E5-47B7-8307-C0F1DC67EF8D}
	EndGlobalSection
EndGlobal
